// !$*UTF8*$!
{
	archiveVersion = 1;
	classes = {
	};
	objectVersion = 55;
	objects = {

/* Begin PBXBuildFile section */
		433B1E0F273C3A48008E01EF /* AppDelegate.swift in Sources */ = {isa = PBXBuildFile; fileRef = 433B1E0E273C3A48008E01EF /* AppDelegate.swift */; };
		433B1E11273C3A48008E01EF /* SceneDelegate.swift in Sources */ = {isa = PBXBuildFile; fileRef = 433B1E10273C3A48008E01EF /* SceneDelegate.swift */; };
		433B1E16273C3A48008E01EF /* Main.storyboard in Resources */ = {isa = PBXBuildFile; fileRef = 433B1E14273C3A48008E01EF /* Main.storyboard */; };
		433B1E19273C3A48008E01EF /* Lyrics.xcdatamodeld in Sources */ = {isa = PBXBuildFile; fileRef = 433B1E17273C3A48008E01EF /* Lyrics.xcdatamodeld */; };
		433B1E1B273C3A4A008E01EF /* Assets.xcassets in Resources */ = {isa = PBXBuildFile; fileRef = 433B1E1A273C3A4A008E01EF /* Assets.xcassets */; };
		433B1E1E273C3A4A008E01EF /* LaunchScreen.storyboard in Resources */ = {isa = PBXBuildFile; fileRef = 433B1E1C273C3A4A008E01EF /* LaunchScreen.storyboard */; };
		433B1E26273C3A6F008E01EF /* LyricsAPI.swift in Sources */ = {isa = PBXBuildFile; fileRef = 433B1E25273C3A6F008E01EF /* LyricsAPI.swift */; };
		433B1E28273C4628008E01EF /* HomeViewModel.swift in Sources */ = {isa = PBXBuildFile; fileRef = 433B1E27273C4628008E01EF /* HomeViewModel.swift */; };
		433B1E2A273C4ADD008E01EF /* HomeView.swift in Sources */ = {isa = PBXBuildFile; fileRef = 433B1E29273C4ADD008E01EF /* HomeView.swift */; };
		433B1E2C273D9235008E01EF /* StringExtensions.swift in Sources */ = {isa = PBXBuildFile; fileRef = 433B1E2B273D9235008E01EF /* StringExtensions.swift */; };
		433B1E2E273DB15F008E01EF /* NavigationBarButtonView.swift in Sources */ = {isa = PBXBuildFile; fileRef = 433B1E2D273DB15F008E01EF /* NavigationBarButtonView.swift */; };
		433B1E31273DD665008E01EF /* ColorExtension.swift in Sources */ = {isa = PBXBuildFile; fileRef = 433B1E30273DD665008E01EF /* ColorExtension.swift */; };
		433B1E39273E24B6008E01EF /* ListView.swift in Sources */ = {isa = PBXBuildFile; fileRef = 433B1E38273E24B6008E01EF /* ListView.swift */; };
		433B1E3B273E2D0A008E01EF /* SettingsView.swift in Sources */ = {isa = PBXBuildFile; fileRef = 433B1E3A273E2D0A008E01EF /* SettingsView.swift */; };
		433B1E3D273F7687008E01EF /* ListRowView.swift in Sources */ = {isa = PBXBuildFile; fileRef = 433B1E3C273F7687008E01EF /* ListRowView.swift */; };
/* End PBXBuildFile section */

/* Begin PBXFileReference section */
		433B1E0B273C3A48008E01EF /* Lyrics.app */ = {isa = PBXFileReference; explicitFileType = wrapper.application; includeInIndex = 0; path = Lyrics.app; sourceTree = BUILT_PRODUCTS_DIR; };
		433B1E0E273C3A48008E01EF /* AppDelegate.swift */ = {isa = PBXFileReference; lastKnownFileType = sourcecode.swift; path = AppDelegate.swift; sourceTree = "<group>"; };
		433B1E10273C3A48008E01EF /* SceneDelegate.swift */ = {isa = PBXFileReference; lastKnownFileType = sourcecode.swift; path = SceneDelegate.swift; sourceTree = "<group>"; };
		433B1E15273C3A48008E01EF /* Base */ = {isa = PBXFileReference; lastKnownFileType = file.storyboard; name = Base; path = Base.lproj/Main.storyboard; sourceTree = "<group>"; };
		433B1E18273C3A48008E01EF /* Lyrics.xcdatamodel */ = {isa = PBXFileReference; lastKnownFileType = wrapper.xcdatamodel; path = Lyrics.xcdatamodel; sourceTree = "<group>"; };
		433B1E1A273C3A4A008E01EF /* Assets.xcassets */ = {isa = PBXFileReference; lastKnownFileType = folder.assetcatalog; path = Assets.xcassets; sourceTree = "<group>"; };
		433B1E1D273C3A4A008E01EF /* Base */ = {isa = PBXFileReference; lastKnownFileType = file.storyboard; name = Base; path = Base.lproj/LaunchScreen.storyboard; sourceTree = "<group>"; };
		433B1E1F273C3A4A008E01EF /* Info.plist */ = {isa = PBXFileReference; lastKnownFileType = text.plist.xml; path = Info.plist; sourceTree = "<group>"; };
		433B1E25273C3A6F008E01EF /* LyricsAPI.swift */ = {isa = PBXFileReference; lastKnownFileType = sourcecode.swift; path = LyricsAPI.swift; sourceTree = "<group>"; };
		433B1E27273C4628008E01EF /* HomeViewModel.swift */ = {isa = PBXFileReference; lastKnownFileType = sourcecode.swift; path = HomeViewModel.swift; sourceTree = "<group>"; };
		433B1E29273C4ADD008E01EF /* HomeView.swift */ = {isa = PBXFileReference; lastKnownFileType = sourcecode.swift; path = HomeView.swift; sourceTree = "<group>"; };
		433B1E2B273D9235008E01EF /* StringExtensions.swift */ = {isa = PBXFileReference; lastKnownFileType = sourcecode.swift; path = StringExtensions.swift; sourceTree = "<group>"; };
		433B1E2D273DB15F008E01EF /* NavigationBarButtonView.swift */ = {isa = PBXFileReference; lastKnownFileType = sourcecode.swift; path = NavigationBarButtonView.swift; sourceTree = "<group>"; };
		433B1E30273DD665008E01EF /* ColorExtension.swift */ = {isa = PBXFileReference; lastKnownFileType = sourcecode.swift; path = ColorExtension.swift; sourceTree = "<group>"; };
		433B1E38273E24B6008E01EF /* ListView.swift */ = {isa = PBXFileReference; lastKnownFileType = sourcecode.swift; path = ListView.swift; sourceTree = "<group>"; };
		433B1E3A273E2D0A008E01EF /* SettingsView.swift */ = {isa = PBXFileReference; lastKnownFileType = sourcecode.swift; path = SettingsView.swift; sourceTree = "<group>"; };
		433B1E3C273F7687008E01EF /* ListRowView.swift */ = {isa = PBXFileReference; lastKnownFileType = sourcecode.swift; path = ListRowView.swift; sourceTree = "<group>"; };
/* End PBXFileReference section */

/* Begin PBXFrameworksBuildPhase section */
		433B1E08273C3A48008E01EF /* Frameworks */ = {
			isa = PBXFrameworksBuildPhase;
			buildActionMask = 2147483647;
			files = (
			);
			runOnlyForDeploymentPostprocessing = 0;
		};
/* End PBXFrameworksBuildPhase section */

/* Begin PBXGroup section */
		433B1E02273C3A48008E01EF = {
			isa = PBXGroup;
			children = (
				433B1E0D273C3A48008E01EF /* Lyrics */,
				433B1E0C273C3A48008E01EF /* Products */,
			);
			sourceTree = "<group>";
		};
		433B1E0C273C3A48008E01EF /* Products */ = {
			isa = PBXGroup;
			children = (
				433B1E0B273C3A48008E01EF /* Lyrics.app */,
			);
			name = Products;
			sourceTree = "<group>";
		};
		433B1E0D273C3A48008E01EF /* Lyrics */ = {
			isa = PBXGroup;
			children = (
				433B1E2F273DB1DA008E01EF /* Extensions */,
				433B1E0E273C3A48008E01EF /* AppDelegate.swift */,
				433B1E10273C3A48008E01EF /* SceneDelegate.swift */,
				433B1E32273E1E42008E01EF /* Home */,
				433B1E37273E2498008E01EF /* List */,
				433B1E3E273F772C008E01EF /* Settings */,
				433B1E36273E2441008E01EF /* ViewComponents */,
				433B1E14273C3A48008E01EF /* Main.storyboard */,
				433B1E1A273C3A4A008E01EF /* Assets.xcassets */,
				433B1E1C273C3A4A008E01EF /* LaunchScreen.storyboard */,
				433B1E1F273C3A4A008E01EF /* Info.plist */,
				433B1E17273C3A48008E01EF /* Lyrics.xcdatamodeld */,
			);
			path = Lyrics;
			sourceTree = "<group>";
		};
		433B1E2F273DB1DA008E01EF /* Extensions */ = {
			isa = PBXGroup;
			children = (
				433B1E2B273D9235008E01EF /* StringExtensions.swift */,
				433B1E30273DD665008E01EF /* ColorExtension.swift */,
			);
			path = Extensions;
			sourceTree = "<group>";
		};
		433B1E32273E1E42008E01EF /* Home */ = {
			isa = PBXGroup;
			children = (
				433B1E35273E242F008E01EF /* Model */,
				433B1E34273E2423008E01EF /* View */,
				433B1E33273E2415008E01EF /* ViewModel */,
			);
			path = Home;
			sourceTree = "<group>";
		};
		433B1E33273E2415008E01EF /* ViewModel */ = {
			isa = PBXGroup;
			children = (
				433B1E27273C4628008E01EF /* HomeViewModel.swift */,
			);
			path = ViewModel;
			sourceTree = "<group>";
		};
		433B1E34273E2423008E01EF /* View */ = {
			isa = PBXGroup;
			children = (
				433B1E29273C4ADD008E01EF /* HomeView.swift */,
			);
			path = View;
			sourceTree = "<group>";
		};
		433B1E35273E242F008E01EF /* Model */ = {
			isa = PBXGroup;
			children = (
				433B1E25273C3A6F008E01EF /* LyricsAPI.swift */,
			);
			path = Model;
			sourceTree = "<group>";
		};
		433B1E36273E2441008E01EF /* ViewComponents */ = {
			isa = PBXGroup;
			children = (
				433B1E2D273DB15F008E01EF /* NavigationBarButtonView.swift */,
			);
			path = ViewComponents;
			sourceTree = "<group>";
		};
		433B1E37273E2498008E01EF /* List */ = {
			isa = PBXGroup;
			children = (
				433B1E3F273F773A008E01EF /* View */,
			);
			path = List;
			sourceTree = "<group>";
		};
		433B1E3E273F772C008E01EF /* Settings */ = {
			isa = PBXGroup;
			children = (
				433B1E3A273E2D0A008E01EF /* SettingsView.swift */,
			);
			path = Settings;
			sourceTree = "<group>";
		};
		433B1E3F273F773A008E01EF /* View */ = {
			isa = PBXGroup;
			children = (
				433B1E3C273F7687008E01EF /* ListRowView.swift */,
				433B1E38273E24B6008E01EF /* ListView.swift */,
			);
			path = View;
			sourceTree = "<group>";
		};
/* End PBXGroup section */

/* Begin PBXNativeTarget section */
		433B1E0A273C3A48008E01EF /* Lyrics */ = {
			isa = PBXNativeTarget;
			buildConfigurationList = 433B1E22273C3A4A008E01EF /* Build configuration list for PBXNativeTarget "Lyrics" */;
			buildPhases = (
				433B1E07273C3A48008E01EF /* Sources */,
				433B1E08273C3A48008E01EF /* Frameworks */,
				433B1E09273C3A48008E01EF /* Resources */,
			);
			buildRules = (
			);
			dependencies = (
			);
			name = Lyrics;
			productName = Lyrics;
			productReference = 433B1E0B273C3A48008E01EF /* Lyrics.app */;
			productType = "com.apple.product-type.application";
		};
/* End PBXNativeTarget section */

/* Begin PBXProject section */
		433B1E03273C3A48008E01EF /* Project object */ = {
			isa = PBXProject;
			attributes = {
				BuildIndependentTargetsInParallel = 1;
				LastSwiftUpdateCheck = 1310;
				LastUpgradeCheck = 1310;
				TargetAttributes = {
					433B1E0A273C3A48008E01EF = {
						CreatedOnToolsVersion = 13.1;
					};
				};
			};
			buildConfigurationList = 433B1E06273C3A48008E01EF /* Build configuration list for PBXProject "Lyrics" */;
			compatibilityVersion = "Xcode 13.0";
			developmentRegion = en;
			hasScannedForEncodings = 0;
			knownRegions = (
				en,
				Base,
			);
			mainGroup = 433B1E02273C3A48008E01EF;
			productRefGroup = 433B1E0C273C3A48008E01EF /* Products */;
			projectDirPath = "";
			projectRoot = "";
			targets = (
				433B1E0A273C3A48008E01EF /* Lyrics */,
			);
		};
/* End PBXProject section */

/* Begin PBXResourcesBuildPhase section */
		433B1E09273C3A48008E01EF /* Resources */ = {
			isa = PBXResourcesBuildPhase;
			buildActionMask = 2147483647;
			files = (
				433B1E1E273C3A4A008E01EF /* LaunchScreen.storyboard in Resources */,
				433B1E1B273C3A4A008E01EF /* Assets.xcassets in Resources */,
				433B1E16273C3A48008E01EF /* Main.storyboard in Resources */,
			);
			runOnlyForDeploymentPostprocessing = 0;
		};
/* End PBXResourcesBuildPhase section */

/* Begin PBXSourcesBuildPhase section */
		433B1E07273C3A48008E01EF /* Sources */ = {
			isa = PBXSourcesBuildPhase;
			buildActionMask = 2147483647;
			files = (
				433B1E2A273C4ADD008E01EF /* HomeView.swift in Sources */,
				433B1E26273C3A6F008E01EF /* LyricsAPI.swift in Sources */,
				433B1E39273E24B6008E01EF /* ListView.swift in Sources */,
				433B1E28273C4628008E01EF /* HomeViewModel.swift in Sources */,
				433B1E31273DD665008E01EF /* ColorExtension.swift in Sources */,
				433B1E2C273D9235008E01EF /* StringExtensions.swift in Sources */,
				433B1E2E273DB15F008E01EF /* NavigationBarButtonView.swift in Sources */,
				433B1E19273C3A48008E01EF /* Lyrics.xcdatamodeld in Sources */,
				433B1E0F273C3A48008E01EF /* AppDelegate.swift in Sources */,
				433B1E11273C3A48008E01EF /* SceneDelegate.swift in Sources */,
				433B1E3B273E2D0A008E01EF /* SettingsView.swift in Sources */,
				433B1E3D273F7687008E01EF /* ListRowView.swift in Sources */,
			);
			runOnlyForDeploymentPostprocessing = 0;
		};
/* End PBXSourcesBuildPhase section */

/* Begin PBXVariantGroup section */
		433B1E14273C3A48008E01EF /* Main.storyboard */ = {
			isa = PBXVariantGroup;
			children = (
				433B1E15273C3A48008E01EF /* Base */,
			);
			name = Main.storyboard;
			sourceTree = "<group>";
		};
		433B1E1C273C3A4A008E01EF /* LaunchScreen.storyboard */ = {
			isa = PBXVariantGroup;
			children = (
				433B1E1D273C3A4A008E01EF /* Base */,
			);
			name = LaunchScreen.storyboard;
			sourceTree = "<group>";
		};
/* End PBXVariantGroup section */

/* Begin XCBuildConfiguration section */
		433B1E20273C3A4A008E01EF /* Debug */ = {
			isa = XCBuildConfiguration;
			buildSettings = {
				ALWAYS_SEARCH_USER_PATHS = NO;
				CLANG_ANALYZER_NONNULL = YES;
				CLANG_ANALYZER_NUMBER_OBJECT_CONVERSION = YES_AGGRESSIVE;
				CLANG_CXX_LANGUAGE_STANDARD = "gnu++17";
				CLANG_CXX_LIBRARY = "libc++";
				CLANG_ENABLE_MODULES = YES;
				CLANG_ENABLE_OBJC_ARC = YES;
				CLANG_ENABLE_OBJC_WEAK = YES;
				CLANG_WARN_BLOCK_CAPTURE_AUTORELEASING = YES;
				CLANG_WARN_BOOL_CONVERSION = YES;
				CLANG_WARN_COMMA = YES;
				CLANG_WARN_CONSTANT_CONVERSION = YES;
				CLANG_WARN_DEPRECATED_OBJC_IMPLEMENTATIONS = YES;
				CLANG_WARN_DIRECT_OBJC_ISA_USAGE = YES_ERROR;
				CLANG_WARN_DOCUMENTATION_COMMENTS = YES;
				CLANG_WARN_EMPTY_BODY = YES;
				CLANG_WARN_ENUM_CONVERSION = YES;
				CLANG_WARN_INFINITE_RECURSION = YES;
				CLANG_WARN_INT_CONVERSION = YES;
				CLANG_WARN_NON_LITERAL_NULL_CONVERSION = YES;
				CLANG_WARN_OBJC_IMPLICIT_RETAIN_SELF = YES;
				CLANG_WARN_OBJC_LITERAL_CONVERSION = YES;
				CLANG_WARN_OBJC_ROOT_CLASS = YES_ERROR;
				CLANG_WARN_QUOTED_INCLUDE_IN_FRAMEWORK_HEADER = YES;
				CLANG_WARN_RANGE_LOOP_ANALYSIS = YES;
				CLANG_WARN_STRICT_PROTOTYPES = YES;
				CLANG_WARN_SUSPICIOUS_MOVE = YES;
				CLANG_WARN_UNGUARDED_AVAILABILITY = YES_AGGRESSIVE;
				CLANG_WARN_UNREACHABLE_CODE = YES;
				CLANG_WARN__DUPLICATE_METHOD_MATCH = YES;
				COPY_PHASE_STRIP = NO;
				DEBUG_INFORMATION_FORMAT = dwarf;
				ENABLE_STRICT_OBJC_MSGSEND = YES;
				ENABLE_TESTABILITY = YES;
				GCC_C_LANGUAGE_STANDARD = gnu11;
				GCC_DYNAMIC_NO_PIC = NO;
				GCC_NO_COMMON_BLOCKS = YES;
				GCC_OPTIMIZATION_LEVEL = 0;
				GCC_PREPROCESSOR_DEFINITIONS = (
					"DEBUG=1",
					"$(inherited)",
				);
				GCC_WARN_64_TO_32_BIT_CONVERSION = YES;
				GCC_WARN_ABOUT_RETURN_TYPE = YES_ERROR;
				GCC_WARN_UNDECLARED_SELECTOR = YES;
				GCC_WARN_UNINITIALIZED_AUTOS = YES_AGGRESSIVE;
				GCC_WARN_UNUSED_FUNCTION = YES;
				GCC_WARN_UNUSED_VARIABLE = YES;
				IPHONEOS_DEPLOYMENT_TARGET = 15.0;
				MTL_ENABLE_DEBUG_INFO = INCLUDE_SOURCE;
				MTL_FAST_MATH = YES;
				ONLY_ACTIVE_ARCH = YES;
				SDKROOT = iphoneos;
				SWIFT_ACTIVE_COMPILATION_CONDITIONS = DEBUG;
				SWIFT_OPTIMIZATION_LEVEL = "-Onone";
			};
			name = Debug;
		};
		433B1E21273C3A4A008E01EF /* Release */ = {
			isa = XCBuildConfiguration;
			buildSettings = {
				ALWAYS_SEARCH_USER_PATHS = NO;
				CLANG_ANALYZER_NONNULL = YES;
				CLANG_ANALYZER_NUMBER_OBJECT_CONVERSION = YES_AGGRESSIVE;
				CLANG_CXX_LANGUAGE_STANDARD = "gnu++17";
				CLANG_CXX_LIBRARY = "libc++";
				CLANG_ENABLE_MODULES = YES;
				CLANG_ENABLE_OBJC_ARC = YES;
				CLANG_ENABLE_OBJC_WEAK = YES;
				CLANG_WARN_BLOCK_CAPTURE_AUTORELEASING = YES;
				CLANG_WARN_BOOL_CONVERSION = YES;
				CLANG_WARN_COMMA = YES;
				CLANG_WARN_CONSTANT_CONVERSION = YES;
				CLANG_WARN_DEPRECATED_OBJC_IMPLEMENTATIONS = YES;
				CLANG_WARN_DIRECT_OBJC_ISA_USAGE = YES_ERROR;
				CLANG_WARN_DOCUMENTATION_COMMENTS = YES;
				CLANG_WARN_EMPTY_BODY = YES;
				CLANG_WARN_ENUM_CONVERSION = YES;
				CLANG_WARN_INFINITE_RECURSION = YES;
				CLANG_WARN_INT_CONVERSION = YES;
				CLANG_WARN_NON_LITERAL_NULL_CONVERSION = YES;
				CLANG_WARN_OBJC_IMPLICIT_RETAIN_SELF = YES;
				CLANG_WARN_OBJC_LITERAL_CONVERSION = YES;
				CLANG_WARN_OBJC_ROOT_CLASS = YES_ERROR;
				CLANG_WARN_QUOTED_INCLUDE_IN_FRAMEWORK_HEADER = YES;
				CLANG_WARN_RANGE_LOOP_ANALYSIS = YES;
				CLANG_WARN_STRICT_PROTOTYPES = YES;
				CLANG_WARN_SUSPICIOUS_MOVE = YES;
				CLANG_WARN_UNGUARDED_AVAILABILITY = YES_AGGRESSIVE;
				CLANG_WARN_UNREACHABLE_CODE = YES;
				CLANG_WARN__DUPLICATE_METHOD_MATCH = YES;
				COPY_PHASE_STRIP = NO;
				DEBUG_INFORMATION_FORMAT = "dwarf-with-dsym";
				ENABLE_NS_ASSERTIONS = NO;
				ENABLE_STRICT_OBJC_MSGSEND = YES;
				GCC_C_LANGUAGE_STANDARD = gnu11;
				GCC_NO_COMMON_BLOCKS = YES;
				GCC_WARN_64_TO_32_BIT_CONVERSION = YES;
				GCC_WARN_ABOUT_RETURN_TYPE = YES_ERROR;
				GCC_WARN_UNDECLARED_SELECTOR = YES;
				GCC_WARN_UNINITIALIZED_AUTOS = YES_AGGRESSIVE;
				GCC_WARN_UNUSED_FUNCTION = YES;
				GCC_WARN_UNUSED_VARIABLE = YES;
				IPHONEOS_DEPLOYMENT_TARGET = 15.0;
				MTL_ENABLE_DEBUG_INFO = NO;
				MTL_FAST_MATH = YES;
				SDKROOT = iphoneos;
				SWIFT_COMPILATION_MODE = wholemodule;
				SWIFT_OPTIMIZATION_LEVEL = "-O";
				VALIDATE_PRODUCT = YES;
			};
			name = Release;
		};
		433B1E23273C3A4A008E01EF /* Debug */ = {
			isa = XCBuildConfiguration;
			buildSettings = {
				ASSETCATALOG_COMPILER_APPICON_NAME = AppIcon;
				ASSETCATALOG_COMPILER_GLOBAL_ACCENT_COLOR_NAME = AccentColor;
				ASSETCATALOG_COMPILER_INCLUDE_ALL_APPICON_ASSETS = YES;
				CODE_SIGN_STYLE = Automatic;
				CURRENT_PROJECT_VERSION = 1;
				DEVELOPMENT_TEAM = PXJDJW8Z9X;
				GENERATE_INFOPLIST_FILE = YES;
				INFOPLIST_FILE = Lyrics/Info.plist;
				INFOPLIST_KEY_NSMicrophoneUsageDescription = "Allow access to microphone to detect details about songs.";
				INFOPLIST_KEY_UIApplicationSupportsIndirectInputEvents = YES;
				INFOPLIST_KEY_UILaunchStoryboardName = LaunchScreen;
				INFOPLIST_KEY_UIMainStoryboardFile = Main;
				INFOPLIST_KEY_UISupportedInterfaceOrientations = UIInterfaceOrientationPortrait;
				INFOPLIST_KEY_UISupportedInterfaceOrientations_iPad = "UIInterfaceOrientationPortrait UIInterfaceOrientationPortraitUpsideDown UIInterfaceOrientationLandscapeLeft UIInterfaceOrientationLandscapeRight";
				INFOPLIST_KEY_UISupportedInterfaceOrientations_iPhone = "UIInterfaceOrientationPortrait UIInterfaceOrientationLandscapeLeft UIInterfaceOrientationLandscapeRight";
				LD_RUNPATH_SEARCH_PATHS = (
					"$(inherited)",
					"@executable_path/Frameworks",
				);
				MARKETING_VERSION = 1.0;
				PRODUCT_BUNDLE_IDENTIFIER = com.Shubhamarya.ShazamLyrics;
				PRODUCT_NAME = "$(TARGET_NAME)";
				SWIFT_EMIT_LOC_STRINGS = YES;
				SWIFT_VERSION = 5.0;
				TARGETED_DEVICE_FAMILY = "1,2";
			};
			name = Debug;
		};
		433B1E24273C3A4A008E01EF /* Release */ = {
			isa = XCBuildConfiguration;
			buildSettings = {
				ASSETCATALOG_COMPILER_APPICON_NAME = AppIcon;
				ASSETCATALOG_COMPILER_GLOBAL_ACCENT_COLOR_NAME = AccentColor;
				ASSETCATALOG_COMPILER_INCLUDE_ALL_APPICON_ASSETS = YES;
				CODE_SIGN_STYLE = Automatic;
				CURRENT_PROJECT_VERSION = 1;
				DEVELOPMENT_TEAM = PXJDJW8Z9X;
				GENERATE_INFOPLIST_FILE = YES;
				INFOPLIST_FILE = Lyrics/Info.plist;
				INFOPLIST_KEY_NSMicrophoneUsageDescription = "Allow access to microphone to detect details about songs.";
				INFOPLIST_KEY_UIApplicationSupportsIndirectInputEvents = YES;
				INFOPLIST_KEY_UILaunchStoryboardName = LaunchScreen;
				INFOPLIST_KEY_UIMainStoryboardFile = Main;
				INFOPLIST_KEY_UISupportedInterfaceOrientations = UIInterfaceOrientationPortrait;
				INFOPLIST_KEY_UISupportedInterfaceOrientations_iPad = "UIInterfaceOrientationPortrait UIInterfaceOrientationPortraitUpsideDown UIInterfaceOrientationLandscapeLeft UIInterfaceOrientationLandscapeRight";
				INFOPLIST_KEY_UISupportedInterfaceOrientations_iPhone = "UIInterfaceOrientationPortrait UIInterfaceOrientationLandscapeLeft UIInterfaceOrientationLandscapeRight";
				LD_RUNPATH_SEARCH_PATHS = (
					"$(inherited)",
					"@executable_path/Frameworks",
				);
				MARKETING_VERSION = 1.0;
				PRODUCT_BUNDLE_IDENTIFIER = com.Shubhamarya.ShazamLyrics;
				PRODUCT_NAME = "$(TARGET_NAME)";
				SWIFT_EMIT_LOC_STRINGS = YES;
				SWIFT_VERSION = 5.0;
				TARGETED_DEVICE_FAMILY = "1,2";
			};
			name = Release;
		};
/* End XCBuildConfiguration section */

/* Begin XCConfigurationList section */
		433B1E06273C3A48008E01EF /* Build configuration list for PBXProject "Lyrics" */ = {
			isa = XCConfigurationList;
			buildConfigurations = (
				433B1E20273C3A4A008E01EF /* Debug */,
				433B1E21273C3A4A008E01EF /* Release */,
			);
			defaultConfigurationIsVisible = 0;
			defaultConfigurationName = Release;
		};
		433B1E22273C3A4A008E01EF /* Build configuration list for PBXNativeTarget "Lyrics" */ = {
			isa = XCConfigurationList;
			buildConfigurations = (
				433B1E23273C3A4A008E01EF /* Debug */,
				433B1E24273C3A4A008E01EF /* Release */,
			);
			defaultConfigurationIsVisible = 0;
			defaultConfigurationName = Release;
		};
/* End XCConfigurationList section */

/* Begin XCVersionGroup section */
		433B1E17273C3A48008E01EF /* Lyrics.xcdatamodeld */ = {
			isa = XCVersionGroup;
			children = (
				433B1E18273C3A48008E01EF /* Lyrics.xcdatamodel */,
			);
			currentVersion = 433B1E18273C3A48008E01EF /* Lyrics.xcdatamodel */;
			path = Lyrics.xcdatamodeld;
			sourceTree = "<group>";
			versionGroupType = wrapper.xcdatamodel;
		};
/* End XCVersionGroup section */
	};
	rootObject = 433B1E03273C3A48008E01EF /* Project object */;
}
